// !$*UTF8*$!
{
	archiveVersion = 1;
	classes = {
	};
	objectVersion = 51;
	objects = {

/* Begin PBXBuildFile section */
		3DF1CF87C72FF8B533A0AE2D /* Pods_parsechatTests.framework in Frameworks */ = {isa = PBXBuildFile; fileRef = 294DBD7B81F9B3C26D471998 /* Pods_parsechatTests.framework */; };
		4B1D3B2F24B377E700B9EAD7 /* AppDelegate.m in Sources */ = {isa = PBXBuildFile; fileRef = 4B1D3B2E24B377E700B9EAD7 /* AppDelegate.m */; };
		4B1D3B3224B377E700B9EAD7 /* SceneDelegate.m in Sources */ = {isa = PBXBuildFile; fileRef = 4B1D3B3124B377E700B9EAD7 /* SceneDelegate.m */; };
		4B1D3B3824B377E700B9EAD7 /* Main.storyboard in Resources */ = {isa = PBXBuildFile; fileRef = 4B1D3B3624B377E700B9EAD7 /* Main.storyboard */; };
		4B1D3B3A24B377E900B9EAD7 /* Assets.xcassets in Resources */ = {isa = PBXBuildFile; fileRef = 4B1D3B3924B377E900B9EAD7 /* Assets.xcassets */; };
		4B1D3B3D24B377E900B9EAD7 /* LaunchScreen.storyboard in Resources */ = {isa = PBXBuildFile; fileRef = 4B1D3B3B24B377E900B9EAD7 /* LaunchScreen.storyboard */; };
		4B1D3B4024B377E900B9EAD7 /* main.m in Sources */ = {isa = PBXBuildFile; fileRef = 4B1D3B3F24B377E900B9EAD7 /* main.m */; };
		4B1D3B4A24B377EA00B9EAD7 /* parsechatTests.m in Sources */ = {isa = PBXBuildFile; fileRef = 4B1D3B4924B377EA00B9EAD7 /* parsechatTests.m */; };
		4B1D3B5524B377EA00B9EAD7 /* parsechatUITests.m in Sources */ = {isa = PBXBuildFile; fileRef = 4B1D3B5424B377EA00B9EAD7 /* parsechatUITests.m */; };
		4BD0019524B379A100208201 /* LoginViewController.m in Sources */ = {isa = PBXBuildFile; fileRef = 4BD0019424B379A100208201 /* LoginViewController.m */; };
		4BD0019824B384AF00208201 /* ChatViewController.m in Sources */ = {isa = PBXBuildFile; fileRef = 4BD0019724B384AF00208201 /* ChatViewController.m */; };
		4BD0019E24B3890800208201 /* ChatCell.m in Sources */ = {isa = PBXBuildFile; fileRef = 4BD0019D24B3890800208201 /* ChatCell.m */; };
		872D0C45CDEE79D1E7CBF555 /* Pods_parsechat_parsechatUITests.framework in Frameworks */ = {isa = PBXBuildFile; fileRef = 9D2E38CB9C101D29C625E3F7 /* Pods_parsechat_parsechatUITests.framework */; };
		ABE1EEE0E66806EA38A8C3A5 /* Pods_parsechat.framework in Frameworks */ = {isa = PBXBuildFile; fileRef = B8E79AB4CA87C56459FEC687 /* Pods_parsechat.framework */; };
/* End PBXBuildFile section */

/* Begin PBXContainerItemProxy section */
		4B1D3B4624B377EA00B9EAD7 /* PBXContainerItemProxy */ = {
			isa = PBXContainerItemProxy;
			containerPortal = 4B1D3B2224B377E700B9EAD7 /* Project object */;
			proxyType = 1;
			remoteGlobalIDString = 4B1D3B2924B377E700B9EAD7;
			remoteInfo = parsechat;
		};
		4B1D3B5124B377EA00B9EAD7 /* PBXContainerItemProxy */ = {
			isa = PBXContainerItemProxy;
			containerPortal = 4B1D3B2224B377E700B9EAD7 /* Project object */;
			proxyType = 1;
			remoteGlobalIDString = 4B1D3B2924B377E700B9EAD7;
			remoteInfo = parsechat;
		};
/* End PBXContainerItemProxy section */

/* Begin PBXFileReference section */
		2796E8ED183A6BB6D2B40A81 /* Pods-parsechatTests.release.xcconfig */ = {isa = PBXFileReference; includeInIndex = 1; lastKnownFileType = text.xcconfig; name = "Pods-parsechatTests.release.xcconfig"; path = "Target Support Files/Pods-parsechatTests/Pods-parsechatTests.release.xcconfig"; sourceTree = "<group>"; };
		294DBD7B81F9B3C26D471998 /* Pods_parsechatTests.framework */ = {isa = PBXFileReference; explicitFileType = wrapper.framework; includeInIndex = 0; path = Pods_parsechatTests.framework; sourceTree = BUILT_PRODUCTS_DIR; };
		4B1D3B2A24B377E700B9EAD7 /* parsechat.app */ = {isa = PBXFileReference; explicitFileType = wrapper.application; includeInIndex = 0; path = parsechat.app; sourceTree = BUILT_PRODUCTS_DIR; };
		4B1D3B2D24B377E700B9EAD7 /* AppDelegate.h */ = {isa = PBXFileReference; lastKnownFileType = sourcecode.c.h; path = AppDelegate.h; sourceTree = "<group>"; };
		4B1D3B2E24B377E700B9EAD7 /* AppDelegate.m */ = {isa = PBXFileReference; lastKnownFileType = sourcecode.c.objc; path = AppDelegate.m; sourceTree = "<group>"; };
		4B1D3B3024B377E700B9EAD7 /* SceneDelegate.h */ = {isa = PBXFileReference; lastKnownFileType = sourcecode.c.h; path = SceneDelegate.h; sourceTree = "<group>"; };
		4B1D3B3124B377E700B9EAD7 /* SceneDelegate.m */ = {isa = PBXFileReference; lastKnownFileType = sourcecode.c.objc; path = SceneDelegate.m; sourceTree = "<group>"; };
		4B1D3B3724B377E700B9EAD7 /* Base */ = {isa = PBXFileReference; lastKnownFileType = file.storyboard; name = Base; path = Base.lproj/Main.storyboard; sourceTree = "<group>"; };
		4B1D3B3924B377E900B9EAD7 /* Assets.xcassets */ = {isa = PBXFileReference; lastKnownFileType = folder.assetcatalog; path = Assets.xcassets; sourceTree = "<group>"; };
		4B1D3B3C24B377E900B9EAD7 /* Base */ = {isa = PBXFileReference; lastKnownFileType = file.storyboard; name = Base; path = Base.lproj/LaunchScreen.storyboard; sourceTree = "<group>"; };
		4B1D3B3E24B377E900B9EAD7 /* Info.plist */ = {isa = PBXFileReference; lastKnownFileType = text.plist.xml; path = Info.plist; sourceTree = "<group>"; };
		4B1D3B3F24B377E900B9EAD7 /* main.m */ = {isa = PBXFileReference; lastKnownFileType = sourcecode.c.objc; path = main.m; sourceTree = "<group>"; };
		4B1D3B4524B377EA00B9EAD7 /* parsechatTests.xctest */ = {isa = PBXFileReference; explicitFileType = wrapper.cfbundle; includeInIndex = 0; path = parsechatTests.xctest; sourceTree = BUILT_PRODUCTS_DIR; };
		4B1D3B4924B377EA00B9EAD7 /* parsechatTests.m */ = {isa = PBXFileReference; lastKnownFileType = sourcecode.c.objc; path = parsechatTests.m; sourceTree = "<group>"; };
		4B1D3B4B24B377EA00B9EAD7 /* Info.plist */ = {isa = PBXFileReference; lastKnownFileType = text.plist.xml; path = Info.plist; sourceTree = "<group>"; };
		4B1D3B5024B377EA00B9EAD7 /* parsechatUITests.xctest */ = {isa = PBXFileReference; explicitFileType = wrapper.cfbundle; includeInIndex = 0; path = parsechatUITests.xctest; sourceTree = BUILT_PRODUCTS_DIR; };
		4B1D3B5424B377EA00B9EAD7 /* parsechatUITests.m */ = {isa = PBXFileReference; lastKnownFileType = sourcecode.c.objc; path = parsechatUITests.m; sourceTree = "<group>"; };
		4B1D3B5624B377EA00B9EAD7 /* Info.plist */ = {isa = PBXFileReference; lastKnownFileType = text.plist.xml; path = Info.plist; sourceTree = "<group>"; };
		4BD0019324B379A100208201 /* LoginViewController.h */ = {isa = PBXFileReference; lastKnownFileType = sourcecode.c.h; path = LoginViewController.h; sourceTree = "<group>"; };
		4BD0019424B379A100208201 /* LoginViewController.m */ = {isa = PBXFileReference; lastKnownFileType = sourcecode.c.objc; path = LoginViewController.m; sourceTree = "<group>"; };
		4BD0019624B384AF00208201 /* ChatViewController.h */ = {isa = PBXFileReference; lastKnownFileType = sourcecode.c.h; path = ChatViewController.h; sourceTree = "<group>"; };
		4BD0019724B384AF00208201 /* ChatViewController.m */ = {isa = PBXFileReference; lastKnownFileType = sourcecode.c.objc; path = ChatViewController.m; sourceTree = "<group>"; };
		4BD0019C24B3890800208201 /* ChatCell.h */ = {isa = PBXFileReference; lastKnownFileType = sourcecode.c.h; path = ChatCell.h; sourceTree = "<group>"; };
		4BD0019D24B3890800208201 /* ChatCell.m */ = {isa = PBXFileReference; lastKnownFileType = sourcecode.c.objc; path = ChatCell.m; sourceTree = "<group>"; };
		51A5B18EF1F41BF701CEEAFB /* Pods-parsechat-parsechatUITests.debug.xcconfig */ = {isa = PBXFileReference; includeInIndex = 1; lastKnownFileType = text.xcconfig; name = "Pods-parsechat-parsechatUITests.debug.xcconfig"; path = "Target Support Files/Pods-parsechat-parsechatUITests/Pods-parsechat-parsechatUITests.debug.xcconfig"; sourceTree = "<group>"; };
		8AF29F4CC3A7F6FB548B5A76 /* Pods-parsechatTests.debug.xcconfig */ = {isa = PBXFileReference; includeInIndex = 1; lastKnownFileType = text.xcconfig; name = "Pods-parsechatTests.debug.xcconfig"; path = "Target Support Files/Pods-parsechatTests/Pods-parsechatTests.debug.xcconfig"; sourceTree = "<group>"; };
		9802C074B9D190EB6B836E4B /* Pods-parsechat.debug.xcconfig */ = {isa = PBXFileReference; includeInIndex = 1; lastKnownFileType = text.xcconfig; name = "Pods-parsechat.debug.xcconfig"; path = "Target Support Files/Pods-parsechat/Pods-parsechat.debug.xcconfig"; sourceTree = "<group>"; };
		9D2E38CB9C101D29C625E3F7 /* Pods_parsechat_parsechatUITests.framework */ = {isa = PBXFileReference; explicitFileType = wrapper.framework; includeInIndex = 0; path = Pods_parsechat_parsechatUITests.framework; sourceTree = BUILT_PRODUCTS_DIR; };
		B8E79AB4CA87C56459FEC687 /* Pods_parsechat.framework */ = {isa = PBXFileReference; explicitFileType = wrapper.framework; includeInIndex = 0; path = Pods_parsechat.framework; sourceTree = BUILT_PRODUCTS_DIR; };
		D01D10FBB4654F65E61CAA9F /* Pods-parsechat-parsechatUITests.release.xcconfig */ = {isa = PBXFileReference; includeInIndex = 1; lastKnownFileType = text.xcconfig; name = "Pods-parsechat-parsechatUITests.release.xcconfig"; path = "Target Support Files/Pods-parsechat-parsechatUITests/Pods-parsechat-parsechatUITests.release.xcconfig"; sourceTree = "<group>"; };
		D44C4ABA0CE697B244ABA4DE /* Pods-parsechat.release.xcconfig */ = {isa = PBXFileReference; includeInIndex = 1; lastKnownFileType = text.xcconfig; name = "Pods-parsechat.release.xcconfig"; path = "Target Support Files/Pods-parsechat/Pods-parsechat.release.xcconfig"; sourceTree = "<group>"; };
/* End PBXFileReference section */

/* Begin PBXFrameworksBuildPhase section */
		4B1D3B2724B377E700B9EAD7 /* Frameworks */ = {
			isa = PBXFrameworksBuildPhase;
			buildActionMask = 2147483647;
			files = (
				ABE1EEE0E66806EA38A8C3A5 /* Pods_parsechat.framework in Frameworks */,
			);
			runOnlyForDeploymentPostprocessing = 0;
		};
		4B1D3B4224B377EA00B9EAD7 /* Frameworks */ = {
			isa = PBXFrameworksBuildPhase;
			buildActionMask = 2147483647;
			files = (
				3DF1CF87C72FF8B533A0AE2D /* Pods_parsechatTests.framework in Frameworks */,
			);
			runOnlyForDeploymentPostprocessing = 0;
		};
		4B1D3B4D24B377EA00B9EAD7 /* Frameworks */ = {
			isa = PBXFrameworksBuildPhase;
			buildActionMask = 2147483647;
			files = (
				872D0C45CDEE79D1E7CBF555 /* Pods_parsechat_parsechatUITests.framework in Frameworks */,
			);
			runOnlyForDeploymentPostprocessing = 0;
		};
/* End PBXFrameworksBuildPhase section */

/* Begin PBXGroup section */
		132FF0C5B67A9EBB4777539F /* Frameworks */ = {
			isa = PBXGroup;
			children = (
				B8E79AB4CA87C56459FEC687 /* Pods_parsechat.framework */,
				9D2E38CB9C101D29C625E3F7 /* Pods_parsechat_parsechatUITests.framework */,
				294DBD7B81F9B3C26D471998 /* Pods_parsechatTests.framework */,
			);
			name = Frameworks;
			sourceTree = "<group>";
		};
		4B1D3B2124B377E700B9EAD7 = {
			isa = PBXGroup;
			children = (
				4B1D3B2C24B377E700B9EAD7 /* parsechat */,
				4B1D3B4824B377EA00B9EAD7 /* parsechatTests */,
				4B1D3B5324B377EA00B9EAD7 /* parsechatUITests */,
				4B1D3B2B24B377E700B9EAD7 /* Products */,
				6251F7734873FEC9359BB9DE /* Pods */,
				132FF0C5B67A9EBB4777539F /* Frameworks */,
			);
			sourceTree = "<group>";
		};
		4B1D3B2B24B377E700B9EAD7 /* Products */ = {
			isa = PBXGroup;
			children = (
				4B1D3B2A24B377E700B9EAD7 /* parsechat.app */,
				4B1D3B4524B377EA00B9EAD7 /* parsechatTests.xctest */,
				4B1D3B5024B377EA00B9EAD7 /* parsechatUITests.xctest */,
			);
			name = Products;
			sourceTree = "<group>";
		};
		4B1D3B2C24B377E700B9EAD7 /* parsechat */ = {
			isa = PBXGroup;
			children = (
				4B1D3B2D24B377E700B9EAD7 /* AppDelegate.h */,
				4B1D3B2E24B377E700B9EAD7 /* AppDelegate.m */,
				4B1D3B3024B377E700B9EAD7 /* SceneDelegate.h */,
				4B1D3B3124B377E700B9EAD7 /* SceneDelegate.m */,
				4B1D3B3624B377E700B9EAD7 /* Main.storyboard */,
				4B1D3B3924B377E900B9EAD7 /* Assets.xcassets */,
				4B1D3B3B24B377E900B9EAD7 /* LaunchScreen.storyboard */,
				4B1D3B3E24B377E900B9EAD7 /* Info.plist */,
				4B1D3B3F24B377E900B9EAD7 /* main.m */,
				4BD0019324B379A100208201 /* LoginViewController.h */,
				4BD0019424B379A100208201 /* LoginViewController.m */,
				4BD0019624B384AF00208201 /* ChatViewController.h */,
				4BD0019724B384AF00208201 /* ChatViewController.m */,
				4BD0019C24B3890800208201 /* ChatCell.h */,
				4BD0019D24B3890800208201 /* ChatCell.m */,
			);
			path = parsechat;
			sourceTree = "<group>";
		};
		4B1D3B4824B377EA00B9EAD7 /* parsechatTests */ = {
			isa = PBXGroup;
			children = (
				4B1D3B4924B377EA00B9EAD7 /* parsechatTests.m */,
				4B1D3B4B24B377EA00B9EAD7 /* Info.plist */,
			);
			path = parsechatTests;
			sourceTree = "<group>";
		};
		4B1D3B5324B377EA00B9EAD7 /* parsechatUITests */ = {
			isa = PBXGroup;
			children = (
				4B1D3B5424B377EA00B9EAD7 /* parsechatUITests.m */,
				4B1D3B5624B377EA00B9EAD7 /* Info.plist */,
			);
			path = parsechatUITests;
			sourceTree = "<group>";
		};
		6251F7734873FEC9359BB9DE /* Pods */ = {
			isa = PBXGroup;
			children = (
				9802C074B9D190EB6B836E4B /* Pods-parsechat.debug.xcconfig */,
				D44C4ABA0CE697B244ABA4DE /* Pods-parsechat.release.xcconfig */,
				51A5B18EF1F41BF701CEEAFB /* Pods-parsechat-parsechatUITests.debug.xcconfig */,
				D01D10FBB4654F65E61CAA9F /* Pods-parsechat-parsechatUITests.release.xcconfig */,
				8AF29F4CC3A7F6FB548B5A76 /* Pods-parsechatTests.debug.xcconfig */,
				2796E8ED183A6BB6D2B40A81 /* Pods-parsechatTests.release.xcconfig */,
			);
			path = Pods;
			sourceTree = "<group>";
		};
/* End PBXGroup section */

/* Begin PBXNativeTarget section */
		4B1D3B2924B377E700B9EAD7 /* parsechat */ = {
			isa = PBXNativeTarget;
			buildConfigurationList = 4B1D3B5924B377EA00B9EAD7 /* Build configuration list for PBXNativeTarget "parsechat" */;
			buildPhases = (
				2CBEE5783E162207034EFF98 /* [CP] Check Pods Manifest.lock */,
				4B1D3B2624B377E700B9EAD7 /* Sources */,
				4B1D3B2724B377E700B9EAD7 /* Frameworks */,
				4B1D3B2824B377E700B9EAD7 /* Resources */,
				9FBA0AAA1B6C545993E58881 /* [CP] Embed Pods Frameworks */,
			);
			buildRules = (
			);
			dependencies = (
			);
			name = parsechat;
			productName = parsechat;
			productReference = 4B1D3B2A24B377E700B9EAD7 /* parsechat.app */;
			productType = "com.apple.product-type.application";
		};
		4B1D3B4424B377EA00B9EAD7 /* parsechatTests */ = {
			isa = PBXNativeTarget;
			buildConfigurationList = 4B1D3B5C24B377EA00B9EAD7 /* Build configuration list for PBXNativeTarget "parsechatTests" */;
			buildPhases = (
				FA28F50E7B3E865937494890 /* [CP] Check Pods Manifest.lock */,
				4B1D3B4124B377EA00B9EAD7 /* Sources */,
				4B1D3B4224B377EA00B9EAD7 /* Frameworks */,
				4B1D3B4324B377EA00B9EAD7 /* Resources */,
			);
			buildRules = (
			);
			dependencies = (
				4B1D3B4724B377EA00B9EAD7 /* PBXTargetDependency */,
			);
			name = parsechatTests;
			productName = parsechatTests;
			productReference = 4B1D3B4524B377EA00B9EAD7 /* parsechatTests.xctest */;
			productType = "com.apple.product-type.bundle.unit-test";
		};
		4B1D3B4F24B377EA00B9EAD7 /* parsechatUITests */ = {
			isa = PBXNativeTarget;
			buildConfigurationList = 4B1D3B5F24B377EA00B9EAD7 /* Build configuration list for PBXNativeTarget "parsechatUITests" */;
			buildPhases = (
				6CEB0600A9119A97DE20B921 /* [CP] Check Pods Manifest.lock */,
				4B1D3B4C24B377EA00B9EAD7 /* Sources */,
				4B1D3B4D24B377EA00B9EAD7 /* Frameworks */,
				4B1D3B4E24B377EA00B9EAD7 /* Resources */,
				A1DB416D1D01331BEE1E796B /* [CP] Embed Pods Frameworks */,
			);
			buildRules = (
			);
			dependencies = (
				4B1D3B5224B377EA00B9EAD7 /* PBXTargetDependency */,
			);
			name = parsechatUITests;
			productName = parsechatUITests;
			productReference = 4B1D3B5024B377EA00B9EAD7 /* parsechatUITests.xctest */;
			productType = "com.apple.product-type.bundle.ui-testing";
		};
/* End PBXNativeTarget section */

/* Begin PBXProject section */
		4B1D3B2224B377E700B9EAD7 /* Project object */ = {
			isa = PBXProject;
			attributes = {
				LastUpgradeCheck = 1150;
				ORGANIZATIONNAME = dkaviani;
				TargetAttributes = {
					4B1D3B2924B377E700B9EAD7 = {
						CreatedOnToolsVersion = 11.5;
					};
					4B1D3B4424B377EA00B9EAD7 = {
						CreatedOnToolsVersion = 11.5;
						TestTargetID = 4B1D3B2924B377E700B9EAD7;
					};
					4B1D3B4F24B377EA00B9EAD7 = {
						CreatedOnToolsVersion = 11.5;
						TestTargetID = 4B1D3B2924B377E700B9EAD7;
					};
				};
			};
			buildConfigurationList = 4B1D3B2524B377E700B9EAD7 /* Build configuration list for PBXProject "parsechat" */;
			compatibilityVersion = "Xcode 9.3";
			developmentRegion = en;
			hasScannedForEncodings = 0;
			knownRegions = (
				en,
				Base,
			);
			mainGroup = 4B1D3B2124B377E700B9EAD7;
			productRefGroup = 4B1D3B2B24B377E700B9EAD7 /* Products */;
			projectDirPath = "";
			projectRoot = "";
			targets = (
				4B1D3B2924B377E700B9EAD7 /* parsechat */,
				4B1D3B4424B377EA00B9EAD7 /* parsechatTests */,
				4B1D3B4F24B377EA00B9EAD7 /* parsechatUITests */,
			);
		};
/* End PBXProject section */

/* Begin PBXResourcesBuildPhase section */
		4B1D3B2824B377E700B9EAD7 /* Resources */ = {
			isa = PBXResourcesBuildPhase;
			buildActionMask = 2147483647;
			files = (
				4B1D3B3D24B377E900B9EAD7 /* LaunchScreen.storyboard in Resources */,
				4B1D3B3A24B377E900B9EAD7 /* Assets.xcassets in Resources */,
				4B1D3B3824B377E700B9EAD7 /* Main.storyboard in Resources */,
			);
			runOnlyForDeploymentPostprocessing = 0;
		};
		4B1D3B4324B377EA00B9EAD7 /* Resources */ = {
			isa = PBXResourcesBuildPhase;
			buildActionMask = 2147483647;
			files = (
			);
			runOnlyForDeploymentPostprocessing = 0;
		};
		4B1D3B4E24B377EA00B9EAD7 /* Resources */ = {
			isa = PBXResourcesBuildPhase;
			buildActionMask = 2147483647;
			files = (
			);
			runOnlyForDeploymentPostprocessing = 0;
		};
/* End PBXResourcesBuildPhase section */

/* Begin PBXShellScriptBuildPhase section */
		2CBEE5783E162207034EFF98 /* [CP] Check Pods Manifest.lock */ = {
			isa = PBXShellScriptBuildPhase;
			buildActionMask = 2147483647;
			files = (
			);
			inputFileListPaths = (
			);
			inputPaths = (
				"${PODS_PODFILE_DIR_PATH}/Podfile.lock",
				"${PODS_ROOT}/Manifest.lock",
			);
			name = "[CP] Check Pods Manifest.lock";
			outputFileListPaths = (
			);
			outputPaths = (
				"$(DERIVED_FILE_DIR)/Pods-parsechat-checkManifestLockResult.txt",
			);
			runOnlyForDeploymentPostprocessing = 0;
			shellPath = /bin/sh;
			shellScript = "diff \"${PODS_PODFILE_DIR_PATH}/Podfile.lock\" \"${PODS_ROOT}/Manifest.lock\" > /dev/null\nif [ $? != 0 ] ; then\n    # print error to STDERR\n    echo \"error: The sandbox is not in sync with the Podfile.lock. Run 'pod install' or update your CocoaPods installation.\" >&2\n    exit 1\nfi\n# This output is used by Xcode 'outputs' to avoid re-running this script phase.\necho \"SUCCESS\" > \"${SCRIPT_OUTPUT_FILE_0}\"\n";
			showEnvVarsInLog = 0;
		};
		6CEB0600A9119A97DE20B921 /* [CP] Check Pods Manifest.lock */ = {
			isa = PBXShellScriptBuildPhase;
			buildActionMask = 2147483647;
			files = (
			);
			inputFileListPaths = (
			);
			inputPaths = (
				"${PODS_PODFILE_DIR_PATH}/Podfile.lock",
				"${PODS_ROOT}/Manifest.lock",
			);
			name = "[CP] Check Pods Manifest.lock";
			outputFileListPaths = (
			);
			outputPaths = (
				"$(DERIVED_FILE_DIR)/Pods-parsechat-parsechatUITests-checkManifestLockResult.txt",
			);
			runOnlyForDeploymentPostprocessing = 0;
			shellPath = /bin/sh;
			shellScript = "diff \"${PODS_PODFILE_DIR_PATH}/Podfile.lock\" \"${PODS_ROOT}/Manifest.lock\" > /dev/null\nif [ $? != 0 ] ; then\n    # print error to STDERR\n    echo \"error: The sandbox is not in sync with the Podfile.lock. Run 'pod install' or update your CocoaPods installation.\" >&2\n    exit 1\nfi\n# This output is used by Xcode 'outputs' to avoid re-running this script phase.\necho \"SUCCESS\" > \"${SCRIPT_OUTPUT_FILE_0}\"\n";
			showEnvVarsInLog = 0;
		};
		9FBA0AAA1B6C545993E58881 /* [CP] Embed Pods Frameworks */ = {
			isa = PBXShellScriptBuildPhase;
			buildActionMask = 2147483647;
			files = (
			);
			inputFileListPaths = (
				"${PODS_ROOT}/Target Support Files/Pods-parsechat/Pods-parsechat-frameworks-${CONFIGURATION}-input-files.xcfilelist",
			);
			name = "[CP] Embed Pods Frameworks";
			outputFileListPaths = (
				"${PODS_ROOT}/Target Support Files/Pods-parsechat/Pods-parsechat-frameworks-${CONFIGURATION}-output-files.xcfilelist",
			);
			runOnlyForDeploymentPostprocessing = 0;
			shellPath = /bin/sh;
			shellScript = "\"${PODS_ROOT}/Target Support Files/Pods-parsechat/Pods-parsechat-frameworks.sh\"\n";
			showEnvVarsInLog = 0;
		};
		A1DB416D1D01331BEE1E796B /* [CP] Embed Pods Frameworks */ = {
			isa = PBXShellScriptBuildPhase;
			buildActionMask = 2147483647;
			files = (
			);
			inputFileListPaths = (
				"${PODS_ROOT}/Target Support Files/Pods-parsechat-parsechatUITests/Pods-parsechat-parsechatUITests-frameworks-${CONFIGURATION}-input-files.xcfilelist",
			);
			name = "[CP] Embed Pods Frameworks";
			outputFileListPaths = (
				"${PODS_ROOT}/Target Support Files/Pods-parsechat-parsechatUITests/Pods-parsechat-parsechatUITests-frameworks-${CONFIGURATION}-output-files.xcfilelist",
			);
			runOnlyForDeploymentPostprocessing = 0;
			shellPath = /bin/sh;
			shellScript = "\"${PODS_ROOT}/Target Support Files/Pods-parsechat-parsechatUITests/Pods-parsechat-parsechatUITests-frameworks.sh\"\n";
			showEnvVarsInLog = 0;
		};
		FA28F50E7B3E865937494890 /* [CP] Check Pods Manifest.lock */ = {
			isa = PBXShellScriptBuildPhase;
			buildActionMask = 2147483647;
			files = (
			);
			inputFileListPaths = (
			);
			inputPaths = (
				"${PODS_PODFILE_DIR_PATH}/Podfile.lock",
				"${PODS_ROOT}/Manifest.lock",
			);
			name = "[CP] Check Pods Manifest.lock";
			outputFileListPaths = (
			);
			outputPaths = (
				"$(DERIVED_FILE_DIR)/Pods-parsechatTests-checkManifestLockResult.txt",
			);
			runOnlyForDeploymentPostprocessing = 0;
			shellPath = /bin/sh;
			shellScript = "diff \"${PODS_PODFILE_DIR_PATH}/Podfile.lock\" \"${PODS_ROOT}/Manifest.lock\" > /dev/null\nif [ $? != 0 ] ; then\n    # print error to STDERR\n    echo \"error: The sandbox is not in sync with the Podfile.lock. Run 'pod install' or update your CocoaPods installation.\" >&2\n    exit 1\nfi\n# This output is used by Xcode 'outputs' to avoid re-running this script phase.\necho \"SUCCESS\" > \"${SCRIPT_OUTPUT_FILE_0}\"\n";
			showEnvVarsInLog = 0;
		};
/* End PBXShellScriptBuildPhase section */

/* Begin PBXSourcesBuildPhase section */
		4B1D3B2624B377E700B9EAD7 /* Sources */ = {
			isa = PBXSourcesBuildPhase;
			buildActionMask = 2147483647;
			files = (
				4BD0019524B379A100208201 /* LoginViewController.m in Sources */,
				4B1D3B2F24B377E700B9EAD7 /* AppDelegate.m in Sources */,
				4BD0019824B384AF00208201 /* ChatViewController.m in Sources */,
				4BD0019E24B3890800208201 /* ChatCell.m in Sources */,
				4B1D3B4024B377E900B9EAD7 /* main.m in Sources */,
				4B1D3B3224B377E700B9EAD7 /* SceneDelegate.m in Sources */,
			);
			runOnlyForDeploymentPostprocessing = 0;
		};
		4B1D3B4124B377EA00B9EAD7 /* Sources */ = {
			isa = PBXSourcesBuildPhase;
			buildActionMask = 2147483647;
			files = (
				4B1D3B4A24B377EA00B9EAD7 /* parsechatTests.m in Sources */,
			);
			runOnlyForDeploymentPostprocessing = 0;
		};
		4B1D3B4C24B377EA00B9EAD7 /* Sources */ = {
			isa = PBXSourcesBuildPhase;
			buildActionMask = 2147483647;
			files = (
				4B1D3B5524B377EA00B9EAD7 /* parsechatUITests.m in Sources */,
			);
			runOnlyForDeploymentPostprocessing = 0;
		};
/* End PBXSourcesBuildPhase section */

/* Begin PBXTargetDependency section */
		4B1D3B4724B377EA00B9EAD7 /* PBXTargetDependency */ = {
			isa = PBXTargetDependency;
			target = 4B1D3B2924B377E700B9EAD7 /* parsechat */;
			targetProxy = 4B1D3B4624B377EA00B9EAD7 /* PBXContainerItemProxy */;
		};
		4B1D3B5224B377EA00B9EAD7 /* PBXTargetDependency */ = {
			isa = PBXTargetDependency;
			target = 4B1D3B2924B377E700B9EAD7 /* parsechat */;
			targetProxy = 4B1D3B5124B377EA00B9EAD7 /* PBXContainerItemProxy */;
		};
/* End PBXTargetDependency section */

/* Begin PBXVariantGroup section */
		4B1D3B3624B377E700B9EAD7 /* Main.storyboard */ = {
			isa = PBXVariantGroup;
			children = (
				4B1D3B3724B377E700B9EAD7 /* Base */,
			);
			name = Main.storyboard;
			sourceTree = "<group>";
		};
		4B1D3B3B24B377E900B9EAD7 /* LaunchScreen.storyboard */ = {
			isa = PBXVariantGroup;
			children = (
				4B1D3B3C24B377E900B9EAD7 /* Base */,
			);
			name = LaunchScreen.storyboard;
			sourceTree = "<group>";
		};
/* End PBXVariantGroup section */

/* Begin XCBuildConfiguration section */
		4B1D3B5724B377EA00B9EAD7 /* Debug */ = {
			isa = XCBuildConfiguration;
			buildSettings = {
				ALWAYS_SEARCH_USER_PATHS = NO;
				CLANG_ANALYZER_NONNULL = YES;
				CLANG_ANALYZER_NUMBER_OBJECT_CONVERSION = YES_AGGRESSIVE;
				CLANG_CXX_LANGUAGE_STANDARD = "gnu++14";
				CLANG_CXX_LIBRARY = "libc++";
				CLANG_ENABLE_MODULES = YES;
				CLANG_ENABLE_OBJC_ARC = YES;
				CLANG_ENABLE_OBJC_WEAK = YES;
				CLANG_WARN_BLOCK_CAPTURE_AUTORELEASING = YES;
				CLANG_WARN_BOOL_CONVERSION = YES;
				CLANG_WARN_COMMA = YES;
				CLANG_WARN_CONSTANT_CONVERSION = YES;
				CLANG_WARN_DEPRECATED_OBJC_IMPLEMENTATIONS = YES;
				CLANG_WARN_DIRECT_OBJC_ISA_USAGE = YES_ERROR;
				CLANG_WARN_DOCUMENTATION_COMMENTS = YES;
				CLANG_WARN_EMPTY_BODY = YES;
				CLANG_WARN_ENUM_CONVERSION = YES;
				CLANG_WARN_INFINITE_RECURSION = YES;
				CLANG_WARN_INT_CONVERSION = YES;
				CLANG_WARN_NON_LITERAL_NULL_CONVERSION = YES;
				CLANG_WARN_OBJC_IMPLICIT_RETAIN_SELF = YES;
				CLANG_WARN_OBJC_LITERAL_CONVERSION = YES;
				CLANG_WARN_OBJC_ROOT_CLASS = YES_ERROR;
				CLANG_WARN_RANGE_LOOP_ANALYSIS = YES;
				CLANG_WARN_STRICT_PROTOTYPES = YES;
				CLANG_WARN_SUSPICIOUS_MOVE = YES;
				CLANG_WARN_UNGUARDED_AVAILABILITY = YES_AGGRESSIVE;
				CLANG_WARN_UNREACHABLE_CODE = YES;
				CLANG_WARN__DUPLICATE_METHOD_MATCH = YES;
				COPY_PHASE_STRIP = NO;
				DEBUG_INFORMATION_FORMAT = dwarf;
				ENABLE_STRICT_OBJC_MSGSEND = YES;
				ENABLE_TESTABILITY = YES;
				GCC_C_LANGUAGE_STANDARD = gnu11;
				GCC_DYNAMIC_NO_PIC = NO;
				GCC_NO_COMMON_BLOCKS = YES;
				GCC_OPTIMIZATION_LEVEL = 0;
				GCC_PREPROCESSOR_DEFINITIONS = (
					"DEBUG=1",
					"$(inherited)",
				);
				GCC_WARN_64_TO_32_BIT_CONVERSION = YES;
				GCC_WARN_ABOUT_RETURN_TYPE = YES_ERROR;
				GCC_WARN_UNDECLARED_SELECTOR = YES;
				GCC_WARN_UNINITIALIZED_AUTOS = YES_AGGRESSIVE;
				GCC_WARN_UNUSED_FUNCTION = YES;
				GCC_WARN_UNUSED_VARIABLE = YES;
				IPHONEOS_DEPLOYMENT_TARGET = 13.5;
				MTL_ENABLE_DEBUG_INFO = INCLUDE_SOURCE;
				MTL_FAST_MATH = YES;
				ONLY_ACTIVE_ARCH = YES;
				SDKROOT = iphoneos;
			};
			name = Debug;
		};
		4B1D3B5824B377EA00B9EAD7 /* Release */ = {
			isa = XCBuildConfiguration;
			buildSettings = {
				ALWAYS_SEARCH_USER_PATHS = NO;
				CLANG_ANALYZER_NONNULL = YES;
				CLANG_ANALYZER_NUMBER_OBJECT_CONVERSION = YES_AGGRESSIVE;
				CLANG_CXX_LANGUAGE_STANDARD = "gnu++14";
				CLANG_CXX_LIBRARY = "libc++";
				CLANG_ENABLE_MODULES = YES;
				CLANG_ENABLE_OBJC_ARC = YES;
				CLANG_ENABLE_OBJC_WEAK = YES;
				CLANG_WARN_BLOCK_CAPTURE_AUTORELEASING = YES;
				CLANG_WARN_BOOL_CONVERSION = YES;
				CLANG_WARN_COMMA = YES;
				CLANG_WARN_CONSTANT_CONVERSION = YES;
				CLANG_WARN_DEPRECATED_OBJC_IMPLEMENTATIONS = YES;
				CLANG_WARN_DIRECT_OBJC_ISA_USAGE = YES_ERROR;
				CLANG_WARN_DOCUMENTATION_COMMENTS = YES;
				CLANG_WARN_EMPTY_BODY = YES;
				CLANG_WARN_ENUM_CONVERSION = YES;
				CLANG_WARN_INFINITE_RECURSION = YES;
				CLANG_WARN_INT_CONVERSION = YES;
				CLANG_WARN_NON_LITERAL_NULL_CONVERSION = YES;
				CLANG_WARN_OBJC_IMPLICIT_RETAIN_SELF = YES;
				CLANG_WARN_OBJC_LITERAL_CONVERSION = YES;
				CLANG_WARN_OBJC_ROOT_CLASS = YES_ERROR;
				CLANG_WARN_RANGE_LOOP_ANALYSIS = YES;
				CLANG_WARN_STRICT_PROTOTYPES = YES;
				CLANG_WARN_SUSPICIOUS_MOVE = YES;
				CLANG_WARN_UNGUARDED_AVAILABILITY = YES_AGGRESSIVE;
				CLANG_WARN_UNREACHABLE_CODE = YES;
				CLANG_WARN__DUPLICATE_METHOD_MATCH = YES;
				COPY_PHASE_STRIP = NO;
				DEBUG_INFORMATION_FORMAT = "dwarf-with-dsym";
				ENABLE_NS_ASSERTIONS = NO;
				ENABLE_STRICT_OBJC_MSGSEND = YES;
				GCC_C_LANGUAGE_STANDARD = gnu11;
				GCC_NO_COMMON_BLOCKS = YES;
				GCC_WARN_64_TO_32_BIT_CONVERSION = YES;
				GCC_WARN_ABOUT_RETURN_TYPE = YES_ERROR;
				GCC_WARN_UNDECLARED_SELECTOR = YES;
				GCC_WARN_UNINITIALIZED_AUTOS = YES_AGGRESSIVE;
				GCC_WARN_UNUSED_FUNCTION = YES;
				GCC_WARN_UNUSED_VARIABLE = YES;
				IPHONEOS_DEPLOYMENT_TARGET = 13.5;
				MTL_ENABLE_DEBUG_INFO = NO;
				MTL_FAST_MATH = YES;
				SDKROOT = iphoneos;
				VALIDATE_PRODUCT = YES;
			};
			name = Release;
		};
		4B1D3B5A24B377EA00B9EAD7 /* Debug */ = {
			isa = XCBuildConfiguration;
			baseConfigurationReference = 9802C074B9D190EB6B836E4B /* Pods-parsechat.debug.xcconfig */;
			buildSettings = {
				ASSETCATALOG_COMPILER_APPICON_NAME = AppIcon;
				CODE_SIGN_STYLE = Automatic;
				INFOPLIST_FILE = parsechat/Info.plist;
				LD_RUNPATH_SEARCH_PATHS = (
					"$(inherited)",
					"@executable_path/Frameworks",
				);
				PRODUCT_BUNDLE_IDENTIFIER = com.dkaviani.parsechat;
				PRODUCT_NAME = "$(TARGET_NAME)";
				TARGETED_DEVICE_FAMILY = "1,2";
			};
			name = Debug;
		};
		4B1D3B5B24B377EA00B9EAD7 /* Release */ = {
			isa = XCBuildConfiguration;
			baseConfigurationReference = D44C4ABA0CE697B244ABA4DE /* Pods-parsechat.release.xcconfig */;
			buildSettings = {
				ASSETCATALOG_COMPILER_APPICON_NAME = AppIcon;
				CODE_SIGN_STYLE = Automatic;
				INFOPLIST_FILE = parsechat/Info.plist;
				LD_RUNPATH_SEARCH_PATHS = (
					"$(inherited)",
					"@executable_path/Frameworks",
				);
				PRODUCT_BUNDLE_IDENTIFIER = com.dkaviani.parsechat;
				PRODUCT_NAME = "$(TARGET_NAME)";
				TARGETED_DEVICE_FAMILY = "1,2";
			};
			name = Release;
		};
		4B1D3B5D24B377EA00B9EAD7 /* Debug */ = {
			isa = XCBuildConfiguration;
			baseConfigurationReference = 8AF29F4CC3A7F6FB548B5A76 /* Pods-parsechatTests.debug.xcconfig */;
			buildSettings = {
				BUNDLE_LOADER = "$(TEST_HOST)";
				CODE_SIGN_STYLE = Automatic;
				INFOPLIST_FILE = parsechatTests/Info.plist;
				IPHONEOS_DEPLOYMENT_TARGET = 13.5;
				LD_RUNPATH_SEARCH_PATHS = (
					"$(inherited)",
					"@executable_path/Frameworks",
					"@loader_path/Frameworks",
				);
				PRODUCT_BUNDLE_IDENTIFIER = com.dkaviani.parsechatTests;
				PRODUCT_NAME = "$(TARGET_NAME)";
				TARGETED_DEVICE_FAMILY = "1,2";
				TEST_HOST = "$(BUILT_PRODUCTS_DIR)/parsechat.app/parsechat";
			};
			name = Debug;
		};
		4B1D3B5E24B377EA00B9EAD7 /* Release */ = {
			isa = XCBuildConfiguration;
			baseConfigurationReference = 2796E8ED183A6BB6D2B40A81 /* Pods-parsechatTests.release.xcconfig */;
			buildSettings = {
				BUNDLE_LOADER = "$(TEST_HOST)";
				CODE_SIGN_STYLE = Automatic;
				INFOPLIST_FILE = parsechatTests/Info.plist;
				IPHONEOS_DEPLOYMENT_TARGET = 13.5;
				LD_RUNPATH_SEARCH_PATHS = (
					"$(inherited)",
					"@executable_path/Frameworks",
					"@loader_path/Frameworks",
				);
				PRODUCT_BUNDLE_IDENTIFIER = com.dkaviani.parsechatTests;
				PRODUCT_NAME = "$(TARGET_NAME)";
				TARGETED_DEVICE_FAMILY = "1,2";
				TEST_HOST = "$(BUILT_PRODUCTS_DIR)/parsechat.app/parsechat";
			};
			name = Release;
		};
		4B1D3B6024B377EA00B9EAD7 /* Debug */ = {
			isa = XCBuildConfiguration;
			baseConfigurationReference = 51A5B18EF1F41BF701CEEAFB /* Pods-parsechat-parsechatUITests.debug.xcconfig */;
			buildSettings = {
				CODE_SIGN_STYLE = Automatic;
				INFOPLIST_FILE = parsechatUITests/Info.plist;
				LD_RUNPATH_SEARCH_PATHS = (
					"$(inherited)",
					"@executable_path/Frameworks",
					"@loader_path/Frameworks",
				);
				PRODUCT_BUNDLE_IDENTIFIER = com.dkaviani.parsechatUITests;
				PRODUCT_NAME = "$(TARGET_NAME)";
				TARGETED_DEVICE_FAMILY = "1,2";
				TEST_TARGET_NAME = parsechat;
			};
			name = Debug;
		};
		4B1D3B6124B377EA00B9EAD7 /* Release */ = {
			isa = XCBuildConfiguration;
			baseConfigurationReference = D01D10FBB4654F65E61CAA9F /* Pods-parsechat-parsechatUITests.release.xcconfig */;
			buildSettings = {
				CODE_SIGN_STYLE = Automatic;
				INFOPLIST_FILE = parsechatUITests/Info.plist;
				LD_RUNPATH_SEARCH_PATHS = (
					"$(inherited)",
					"@executable_path/Frameworks",
					"@loader_path/Frameworks",
				);
				PRODUCT_BUNDLE_IDENTIFIER = com.dkaviani.parsechatUITests;
				PRODUCT_NAME = "$(TARGET_NAME)";
				TARGETED_DEVICE_FAMILY = "1,2";
				TEST_TARGET_NAME = parsechat;
			};
			name = Release;
		};
/* End XCBuildConfiguration section */

/* Begin XCConfigurationList section */
		4B1D3B2524B377E700B9EAD7 /* Build configuration list for PBXProject "parsechat" */ = {
			isa = XCConfigurationList;
			buildConfigurations = (
				4B1D3B5724B377EA00B9EAD7 /* Debug */,
				4B1D3B5824B377EA00B9EAD7 /* Release */,
			);
			defaultConfigurationIsVisible = 0;
			defaultConfigurationName = Release;
		};
		4B1D3B5924B377EA00B9EAD7 /* Build configuration list for PBXNativeTarget "parsechat" */ = {
			isa = XCConfigurationList;
			buildConfigurations = (
				4B1D3B5A24B377EA00B9EAD7 /* Debug */,
				4B1D3B5B24B377EA00B9EAD7 /* Release */,
			);
			defaultConfigurationIsVisible = 0;
			defaultConfigurationName = Release;
		};
		4B1D3B5C24B377EA00B9EAD7 /* Build configuration list for PBXNativeTarget "parsechatTests" */ = {
			isa = XCConfigurationList;
			buildConfigurations = (
				4B1D3B5D24B377EA00B9EAD7 /* Debug */,
				4B1D3B5E24B377EA00B9EAD7 /* Release */,
			);
			defaultConfigurationIsVisible = 0;
			defaultConfigurationName = Release;
		};
		4B1D3B5F24B377EA00B9EAD7 /* Build configuration list for PBXNativeTarget "parsechatUITests" */ = {
			isa = XCConfigurationList;
			buildConfigurations = (
				4B1D3B6024B377EA00B9EAD7 /* Debug */,
				4B1D3B6124B377EA00B9EAD7 /* Release */,
			);
			defaultConfigurationIsVisible = 0;
			defaultConfigurationName = Release;
		};
/* End XCConfigurationList section */
	};
	rootObject = 4B1D3B2224B377E700B9EAD7 /* Project object */;
}
